
Microsoft Visual Studio Solution File, Format Version 12.00
# Visual Studio Version 17
VisualStudioVersion = 17.2.32616.157
MinimumVisualStudioVersion = 10.0.40219.1
Project("{888888A0-9F3D-457C-B088-3A5042F75D52}") = "HW3", "HW3.pyproj", "{37685899-1306-40F6-BF6E-1C35F568F7C1}"
EndProject
Global
	GlobalSection(SolutionConfigurationPlatforms) = preSolution
		Debug|Any CPU = Debug|Any CPU
		Release|Any CPU = Release|Any CPU
	EndGlobalSection
	GlobalSection(ProjectConfigurationPlatforms) = postSolution
		{37685899-1306-40F6-BF6E-1C35F568F7C1}.Debug|Any CPU.ActiveCfg = Debug|Any CPU
		{37685899-1306-40F6-BF6E-1C35F568F7C1}.Release|Any CPU.ActiveCfg = Release|Any CPU
	EndGlobalSection
	GlobalSection(SolutionProperties) = preSolution
		HideSolutionNode = FALSE
	EndGlobalSection
	GlobalSection(ExtensibilityGlobals) = postSolution
		SolutionGuid = {A3F2581A-05C3-4278-944A-1B2498200CD7}
	EndGlobalSection
EndGlobal
